// !$*UTF8*$!
{
	archiveVersion = 1;
	classes = {
	};
	objectVersion = 56;
	objects = {

/* Begin PBXBuildFile section */
		6D283EAC2CBF0AC400E143B1 /* AppDelegate.swift in Sources */ = {isa = PBXBuildFile; fileRef = 6D283EAB2CBF0AC400E143B1 /* AppDelegate.swift */; };
		6D283EAE2CBF0AC400E143B1 /* SceneDelegate.swift in Sources */ = {isa = PBXBuildFile; fileRef = 6D283EAD2CBF0AC400E143B1 /* SceneDelegate.swift */; };
		6D283EB52CBF0AC500E143B1 /* Assets.xcassets in Resources */ = {isa = PBXBuildFile; fileRef = 6D283EB42CBF0AC500E143B1 /* Assets.xcassets */; };
		6D283EB82CBF0AC500E143B1 /* Base in Resources */ = {isa = PBXBuildFile; fileRef = 6D283EB72CBF0AC500E143B1 /* Base */; };
		6D283EC22CBF121D00E143B1 /* Extensions.swift in Sources */ = {isa = PBXBuildFile; fileRef = 6D283EC12CBF121D00E143B1 /* Extensions.swift */; };
		6D418AE32CC27406003B851C /* RegisterViewController.swift in Sources */ = {isa = PBXBuildFile; fileRef = 6D418AE22CC27406003B851C /* RegisterViewController.swift */; };
		6D418AE52CC27420003B851C /* Main.storyboard in Resources */ = {isa = PBXBuildFile; fileRef = 6D418AE42CC27420003B851C /* Main.storyboard */; };
		6D418AF12CC2A433003B851C /* MainPageViewController.swift in Sources */ = {isa = PBXBuildFile; fileRef = 6D418AF02CC2A433003B851C /* MainPageViewController.swift */; };
		6D418AF42CC2ABB3003B851C /* MainPageCollectionViewCell.swift in Sources */ = {isa = PBXBuildFile; fileRef = 6D418AF32CC2ABB3003B851C /* MainPageCollectionViewCell.swift */; };
		6D418AF62CC2AD71003B851C /* SearchViewController.swift in Sources */ = {isa = PBXBuildFile; fileRef = 6D418AF52CC2AD71003B851C /* SearchViewController.swift */; };
		6D418AF82CC2AE52003B851C /* FavoritesViewController.swift in Sources */ = {isa = PBXBuildFile; fileRef = 6D418AF72CC2AE52003B851C /* FavoritesViewController.swift */; };
		6D418AFA2CC2AF27003B851C /* FavoritesCollectionViewCell.swift in Sources */ = {isa = PBXBuildFile; fileRef = 6D418AF92CC2AF27003B851C /* FavoritesCollectionViewCell.swift */; };
		6D418AFC2CC2B028003B851C /* PersonalPageViewController.swift in Sources */ = {isa = PBXBuildFile; fileRef = 6D418AFB2CC2B028003B851C /* PersonalPageViewController.swift */; };
		6D418B042CC2BEFB003B851C /* SliderViewController.swift in Sources */ = {isa = PBXBuildFile; fileRef = 6D418B032CC2BEFB003B851C /* SliderViewController.swift */; };
		6D418B062CC2E6EE003B851C /* PersonalInfosViewController.swift in Sources */ = {isa = PBXBuildFile; fileRef = 6D418B052CC2E6EE003B851C /* PersonalInfosViewController.swift */; };
		6D418B092CC2E7DC003B851C /* LastRidesViewController.swift in Sources */ = {isa = PBXBuildFile; fileRef = 6D418B082CC2E7DC003B851C /* LastRidesViewController.swift */; };
		6D418B0B2CC2E88E003B851C /* PaymentViewController.swift in Sources */ = {isa = PBXBuildFile; fileRef = 6D418B0A2CC2E88E003B851C /* PaymentViewController.swift */; };
		6D418B0D2CC2E909003B851C /* CarInfosViewController.swift in Sources */ = {isa = PBXBuildFile; fileRef = 6D418B0C2CC2E909003B851C /* CarInfosViewController.swift */; };
		6D418B0F2CC2EA37003B851C /* SupportPageViewController.swift in Sources */ = {isa = PBXBuildFile; fileRef = 6D418B0E2CC2EA37003B851C /* SupportPageViewController.swift */; };
/* End PBXBuildFile section */

/* Begin PBXFileReference section */
		6D283EA82CBF0AC400E143B1 /* RentCar.app */ = {isa = PBXFileReference; explicitFileType = wrapper.application; includeInIndex = 0; path = RentCar.app; sourceTree = BUILT_PRODUCTS_DIR; };
		6D283EAB2CBF0AC400E143B1 /* AppDelegate.swift */ = {isa = PBXFileReference; lastKnownFileType = sourcecode.swift; path = AppDelegate.swift; sourceTree = "<group>"; };
		6D283EAD2CBF0AC400E143B1 /* SceneDelegate.swift */ = {isa = PBXFileReference; lastKnownFileType = sourcecode.swift; path = SceneDelegate.swift; sourceTree = "<group>"; };
		6D283EB42CBF0AC500E143B1 /* Assets.xcassets */ = {isa = PBXFileReference; lastKnownFileType = folder.assetcatalog; path = Assets.xcassets; sourceTree = "<group>"; };
		6D283EB72CBF0AC500E143B1 /* Base */ = {isa = PBXFileReference; lastKnownFileType = file.storyboard; name = Base; path = Base.lproj/LaunchScreen.storyboard; sourceTree = "<group>"; };
		6D283EB92CBF0AC500E143B1 /* Info.plist */ = {isa = PBXFileReference; lastKnownFileType = text.plist.xml; path = Info.plist; sourceTree = "<group>"; };
		6D283EC12CBF121D00E143B1 /* Extensions.swift */ = {isa = PBXFileReference; lastKnownFileType = sourcecode.swift; path = Extensions.swift; sourceTree = "<group>"; };
		6D418AE22CC27406003B851C /* RegisterViewController.swift */ = {isa = PBXFileReference; lastKnownFileType = sourcecode.swift; path = RegisterViewController.swift; sourceTree = "<group>"; };
		6D418AE42CC27420003B851C /* Main.storyboard */ = {isa = PBXFileReference; lastKnownFileType = file.storyboard; path = Main.storyboard; sourceTree = "<group>"; };
		6D418AF02CC2A433003B851C /* MainPageViewController.swift */ = {isa = PBXFileReference; lastKnownFileType = sourcecode.swift; path = MainPageViewController.swift; sourceTree = "<group>"; };
		6D418AF32CC2ABB3003B851C /* MainPageCollectionViewCell.swift */ = {isa = PBXFileReference; lastKnownFileType = sourcecode.swift; path = MainPageCollectionViewCell.swift; sourceTree = "<group>"; };
		6D418AF52CC2AD71003B851C /* SearchViewController.swift */ = {isa = PBXFileReference; lastKnownFileType = sourcecode.swift; path = SearchViewController.swift; sourceTree = "<group>"; };
		6D418AF72CC2AE52003B851C /* FavoritesViewController.swift */ = {isa = PBXFileReference; lastKnownFileType = sourcecode.swift; path = FavoritesViewController.swift; sourceTree = "<group>"; };
		6D418AF92CC2AF27003B851C /* FavoritesCollectionViewCell.swift */ = {isa = PBXFileReference; lastKnownFileType = sourcecode.swift; path = FavoritesCollectionViewCell.swift; sourceTree = "<group>"; };
		6D418AFB2CC2B028003B851C /* PersonalPageViewController.swift */ = {isa = PBXFileReference; lastKnownFileType = sourcecode.swift; path = PersonalPageViewController.swift; sourceTree = "<group>"; };
		6D418B032CC2BEFB003B851C /* SliderViewController.swift */ = {isa = PBXFileReference; lastKnownFileType = sourcecode.swift; path = SliderViewController.swift; sourceTree = "<group>"; };
		6D418B052CC2E6EE003B851C /* PersonalInfosViewController.swift */ = {isa = PBXFileReference; lastKnownFileType = sourcecode.swift; path = PersonalInfosViewController.swift; sourceTree = "<group>"; };
		6D418B082CC2E7DC003B851C /* LastRidesViewController.swift */ = {isa = PBXFileReference; lastKnownFileType = sourcecode.swift; path = LastRidesViewController.swift; sourceTree = "<group>"; };
		6D418B0A2CC2E88E003B851C /* PaymentViewController.swift */ = {isa = PBXFileReference; lastKnownFileType = sourcecode.swift; path = PaymentViewController.swift; sourceTree = "<group>"; };
		6D418B0C2CC2E909003B851C /* CarInfosViewController.swift */ = {isa = PBXFileReference; lastKnownFileType = sourcecode.swift; path = CarInfosViewController.swift; sourceTree = "<group>"; };
		6D418B0E2CC2EA37003B851C /* SupportPageViewController.swift */ = {isa = PBXFileReference; lastKnownFileType = sourcecode.swift; path = SupportPageViewController.swift; sourceTree = "<group>"; };
/* End PBXFileReference section */

/* Begin PBXFrameworksBuildPhase section */
		6D283EA52CBF0AC400E143B1 /* Frameworks */ = {
			isa = PBXFrameworksBuildPhase;
			buildActionMask = 2147483647;
			files = (
			);
			runOnlyForDeploymentPostprocessing = 0;
		};
/* End PBXFrameworksBuildPhase section */

/* Begin PBXGroup section */
		6D283E9F2CBF0AC400E143B1 = {
			isa = PBXGroup;
			children = (
				6D283EAA2CBF0AC400E143B1 /* RentCar */,
				6D283EA92CBF0AC400E143B1 /* Products */,
			);
			sourceTree = "<group>";
		};
		6D283EA92CBF0AC400E143B1 /* Products */ = {
			isa = PBXGroup;
			children = (
				6D283EA82CBF0AC400E143B1 /* RentCar.app */,
			);
			name = Products;
			sourceTree = "<group>";
		};
		6D283EAA2CBF0AC400E143B1 /* RentCar */ = {
			isa = PBXGroup;
			children = (
				6D418AF22CC2AB98003B851C /* ViewCells */,
				6D418AE62CC27488003B851C /* Controllers */,
				6D283EC02CBF120100E143B1 /* Resources */,
				6D283EBF2CBF0AD700E143B1 /* Delegates */,
				6D283EB42CBF0AC500E143B1 /* Assets.xcassets */,
				6D418AE42CC27420003B851C /* Main.storyboard */,
				6D283EB62CBF0AC500E143B1 /* LaunchScreen.storyboard */,
				6D283EB92CBF0AC500E143B1 /* Info.plist */,
			);
			path = RentCar;
			sourceTree = "<group>";
		};
		6D283EBF2CBF0AD700E143B1 /* Delegates */ = {
			isa = PBXGroup;
			children = (
				6D283EAB2CBF0AC400E143B1 /* AppDelegate.swift */,
				6D283EAD2CBF0AC400E143B1 /* SceneDelegate.swift */,
			);
			path = Delegates;
			sourceTree = "<group>";
		};
		6D283EC02CBF120100E143B1 /* Resources */ = {
			isa = PBXGroup;
			children = (
				6D283EC12CBF121D00E143B1 /* Extensions.swift */,
			);
			path = Resources;
			sourceTree = "<group>";
		};
		6D418AE62CC27488003B851C /* Controllers */ = {
			isa = PBXGroup;
			children = (
				6D418B072CC2E7C1003B851C /* Personal */,
				6D418AE22CC27406003B851C /* RegisterViewController.swift */,
				6D418AF02CC2A433003B851C /* MainPageViewController.swift */,
				6D418AF52CC2AD71003B851C /* SearchViewController.swift */,
				6D418AF72CC2AE52003B851C /* FavoritesViewController.swift */,
				6D418AFB2CC2B028003B851C /* PersonalPageViewController.swift */,
				6D418B032CC2BEFB003B851C /* SliderViewController.swift */,
			);
			path = Controllers;
			sourceTree = "<group>";
		};
		6D418AF22CC2AB98003B851C /* ViewCells */ = {
			isa = PBXGroup;
			children = (
				6D418AF32CC2ABB3003B851C /* MainPageCollectionViewCell.swift */,
				6D418AF92CC2AF27003B851C /* FavoritesCollectionViewCell.swift */,
			);
			path = ViewCells;
			sourceTree = "<group>";
		};
		6D418B072CC2E7C1003B851C /* Personal */ = {
			isa = PBXGroup;
			children = (
				6D418B052CC2E6EE003B851C /* PersonalInfosViewController.swift */,
				6D418B082CC2E7DC003B851C /* LastRidesViewController.swift */,
				6D418B0A2CC2E88E003B851C /* PaymentViewController.swift */,
				6D418B0C2CC2E909003B851C /* CarInfosViewController.swift */,
				6D418B0E2CC2EA37003B851C /* SupportPageViewController.swift */,
			);
			path = Personal;
			sourceTree = "<group>";
		};
/* End PBXGroup section */

/* Begin PBXNativeTarget section */
		6D283EA72CBF0AC400E143B1 /* RentCar */ = {
			isa = PBXNativeTarget;
			buildConfigurationList = 6D283EBC2CBF0AC500E143B1 /* Build configuration list for PBXNativeTarget "RentCar" */;
			buildPhases = (
				6D283EA42CBF0AC400E143B1 /* Sources */,
				6D283EA52CBF0AC400E143B1 /* Frameworks */,
				6D283EA62CBF0AC400E143B1 /* Resources */,
			);
			buildRules = (
			);
			dependencies = (
			);
			name = RentCar;
			productName = RentCar;
			productReference = 6D283EA82CBF0AC400E143B1 /* RentCar.app */;
			productType = "com.apple.product-type.application";
		};
/* End PBXNativeTarget section */

/* Begin PBXProject section */
		6D283EA02CBF0AC400E143B1 /* Project object */ = {
			isa = PBXProject;
			attributes = {
				BuildIndependentTargetsInParallel = 1;
				LastSwiftUpdateCheck = 1530;
				LastUpgradeCheck = 1530;
				TargetAttributes = {
					6D283EA72CBF0AC400E143B1 = {
						CreatedOnToolsVersion = 15.3;
					};
				};
			};
			buildConfigurationList = 6D283EA32CBF0AC400E143B1 /* Build configuration list for PBXProject "RentCar" */;
			compatibilityVersion = "Xcode 14.0";
			developmentRegion = en;
			hasScannedForEncodings = 0;
			knownRegions = (
				en,
				Base,
			);
			mainGroup = 6D283E9F2CBF0AC400E143B1;
			productRefGroup = 6D283EA92CBF0AC400E143B1 /* Products */;
			projectDirPath = "";
			projectRoot = "";
			targets = (
				6D283EA72CBF0AC400E143B1 /* RentCar */,
			);
		};
/* End PBXProject section */

/* Begin PBXResourcesBuildPhase section */
		6D283EA62CBF0AC400E143B1 /* Resources */ = {
			isa = PBXResourcesBuildPhase;
			buildActionMask = 2147483647;
			files = (
				6D418AE52CC27420003B851C /* Main.storyboard in Resources */,
				6D283EB52CBF0AC500E143B1 /* Assets.xcassets in Resources */,
				6D283EB82CBF0AC500E143B1 /* Base in Resources */,
			);
			runOnlyForDeploymentPostprocessing = 0;
		};
/* End PBXResourcesBuildPhase section */

/* Begin PBXSourcesBuildPhase section */
		6D283EA42CBF0AC400E143B1 /* Sources */ = {
			isa = PBXSourcesBuildPhase;
			buildActionMask = 2147483647;
			files = (
				6D418AF12CC2A433003B851C /* MainPageViewController.swift in Sources */,
				6D418B092CC2E7DC003B851C /* LastRidesViewController.swift in Sources */,
				6D418AF62CC2AD71003B851C /* SearchViewController.swift in Sources */,
				6D418B0F2CC2EA37003B851C /* SupportPageViewController.swift in Sources */,
				6D418B0D2CC2E909003B851C /* CarInfosViewController.swift in Sources */,
				6D418B062CC2E6EE003B851C /* PersonalInfosViewController.swift in Sources */,
				6D418AFA2CC2AF27003B851C /* FavoritesCollectionViewCell.swift in Sources */,
				6D418B042CC2BEFB003B851C /* SliderViewController.swift in Sources */,
				6D418AF82CC2AE52003B851C /* FavoritesViewController.swift in Sources */,
				6D418B0B2CC2E88E003B851C /* PaymentViewController.swift in Sources */,
				6D418AFC2CC2B028003B851C /* PersonalPageViewController.swift in Sources */,
				6D283EAC2CBF0AC400E143B1 /* AppDelegate.swift in Sources */,
				6D418AF42CC2ABB3003B851C /* MainPageCollectionViewCell.swift in Sources */,
				6D283EAE2CBF0AC400E143B1 /* SceneDelegate.swift in Sources */,
				6D283EC22CBF121D00E143B1 /* Extensions.swift in Sources */,
				6D418AE32CC27406003B851C /* RegisterViewController.swift in Sources */,
			);
			runOnlyForDeploymentPostprocessing = 0;
		};
/* End PBXSourcesBuildPhase section */

/* Begin PBXVariantGroup section */
		6D283EB62CBF0AC500E143B1 /* LaunchScreen.storyboard */ = {
			isa = PBXVariantGroup;
			children = (
				6D283EB72CBF0AC500E143B1 /* Base */,
			);
			name = LaunchScreen.storyboard;
			sourceTree = "<group>";
		};
/* End PBXVariantGroup section */

/* Begin XCBuildConfiguration section */
		6D283EBA2CBF0AC500E143B1 /* Debug */ = {
			isa = XCBuildConfiguration;
			buildSettings = {
				ALWAYS_SEARCH_USER_PATHS = NO;
				ASSETCATALOG_COMPILER_GENERATE_SWIFT_ASSET_SYMBOL_EXTENSIONS = YES;
				CLANG_ANALYZER_NONNULL = YES;
				CLANG_ANALYZER_NUMBER_OBJECT_CONVERSION = YES_AGGRESSIVE;
				CLANG_CXX_LANGUAGE_STANDARD = "gnu++20";
				CLANG_ENABLE_MODULES = YES;
				CLANG_ENABLE_OBJC_ARC = YES;
				CLANG_ENABLE_OBJC_WEAK = YES;
				CLANG_WARN_BLOCK_CAPTURE_AUTORELEASING = YES;
				CLANG_WARN_BOOL_CONVERSION = YES;
				CLANG_WARN_COMMA = YES;
				CLANG_WARN_CONSTANT_CONVERSION = YES;
				CLANG_WARN_DEPRECATED_OBJC_IMPLEMENTATIONS = YES;
				CLANG_WARN_DIRECT_OBJC_ISA_USAGE = YES_ERROR;
				CLANG_WARN_DOCUMENTATION_COMMENTS = YES;
				CLANG_WARN_EMPTY_BODY = YES;
				CLANG_WARN_ENUM_CONVERSION = YES;
				CLANG_WARN_INFINITE_RECURSION = YES;
				CLANG_WARN_INT_CONVERSION = YES;
				CLANG_WARN_NON_LITERAL_NULL_CONVERSION = YES;
				CLANG_WARN_OBJC_IMPLICIT_RETAIN_SELF = YES;
				CLANG_WARN_OBJC_LITERAL_CONVERSION = YES;
				CLANG_WARN_OBJC_ROOT_CLASS = YES_ERROR;
				CLANG_WARN_QUOTED_INCLUDE_IN_FRAMEWORK_HEADER = YES;
				CLANG_WARN_RANGE_LOOP_ANALYSIS = YES;
				CLANG_WARN_STRICT_PROTOTYPES = YES;
				CLANG_WARN_SUSPICIOUS_MOVE = YES;
				CLANG_WARN_UNGUARDED_AVAILABILITY = YES_AGGRESSIVE;
				CLANG_WARN_UNREACHABLE_CODE = YES;
				CLANG_WARN__DUPLICATE_METHOD_MATCH = YES;
				COPY_PHASE_STRIP = NO;
				DEBUG_INFORMATION_FORMAT = dwarf;
				ENABLE_STRICT_OBJC_MSGSEND = YES;
				ENABLE_TESTABILITY = YES;
				ENABLE_USER_SCRIPT_SANDBOXING = YES;
				GCC_C_LANGUAGE_STANDARD = gnu17;
				GCC_DYNAMIC_NO_PIC = NO;
				GCC_NO_COMMON_BLOCKS = YES;
				GCC_OPTIMIZATION_LEVEL = 0;
				GCC_PREPROCESSOR_DEFINITIONS = (
					"DEBUG=1",
					"$(inherited)",
				);
				GCC_WARN_64_TO_32_BIT_CONVERSION = YES;
				GCC_WARN_ABOUT_RETURN_TYPE = YES_ERROR;
				GCC_WARN_UNDECLARED_SELECTOR = YES;
				GCC_WARN_UNINITIALIZED_AUTOS = YES_AGGRESSIVE;
				GCC_WARN_UNUSED_FUNCTION = YES;
				GCC_WARN_UNUSED_VARIABLE = YES;
				IPHONEOS_DEPLOYMENT_TARGET = 17.4;
				LOCALIZATION_PREFERS_STRING_CATALOGS = YES;
				MTL_ENABLE_DEBUG_INFO = INCLUDE_SOURCE;
				MTL_FAST_MATH = YES;
				ONLY_ACTIVE_ARCH = YES;
				SDKROOT = iphoneos;
				SWIFT_ACTIVE_COMPILATION_CONDITIONS = "DEBUG $(inherited)";
				SWIFT_OPTIMIZATION_LEVEL = "-Onone";
			};
			name = Debug;
		};
		6D283EBB2CBF0AC500E143B1 /* Release */ = {
			isa = XCBuildConfiguration;
			buildSettings = {
				ALWAYS_SEARCH_USER_PATHS = NO;
				ASSETCATALOG_COMPILER_GENERATE_SWIFT_ASSET_SYMBOL_EXTENSIONS = YES;
				CLANG_ANALYZER_NONNULL = YES;
				CLANG_ANALYZER_NUMBER_OBJECT_CONVERSION = YES_AGGRESSIVE;
				CLANG_CXX_LANGUAGE_STANDARD = "gnu++20";
				CLANG_ENABLE_MODULES = YES;
				CLANG_ENABLE_OBJC_ARC = YES;
				CLANG_ENABLE_OBJC_WEAK = YES;
				CLANG_WARN_BLOCK_CAPTURE_AUTORELEASING = YES;
				CLANG_WARN_BOOL_CONVERSION = YES;
				CLANG_WARN_COMMA = YES;
				CLANG_WARN_CONSTANT_CONVERSION = YES;
				CLANG_WARN_DEPRECATED_OBJC_IMPLEMENTATIONS = YES;
				CLANG_WARN_DIRECT_OBJC_ISA_USAGE = YES_ERROR;
				CLANG_WARN_DOCUMENTATION_COMMENTS = YES;
				CLANG_WARN_EMPTY_BODY = YES;
				CLANG_WARN_ENUM_CONVERSION = YES;
				CLANG_WARN_INFINITE_RECURSION = YES;
				CLANG_WARN_INT_CONVERSION = YES;
				CLANG_WARN_NON_LITERAL_NULL_CONVERSION = YES;
				CLANG_WARN_OBJC_IMPLICIT_RETAIN_SELF = YES;
				CLANG_WARN_OBJC_LITERAL_CONVERSION = YES;
				CLANG_WARN_OBJC_ROOT_CLASS = YES_ERROR;
				CLANG_WARN_QUOTED_INCLUDE_IN_FRAMEWORK_HEADER = YES;
				CLANG_WARN_RANGE_LOOP_ANALYSIS = YES;
				CLANG_WARN_STRICT_PROTOTYPES = YES;
				CLANG_WARN_SUSPICIOUS_MOVE = YES;
				CLANG_WARN_UNGUARDED_AVAILABILITY = YES_AGGRESSIVE;
				CLANG_WARN_UNREACHABLE_CODE = YES;
				CLANG_WARN__DUPLICATE_METHOD_MATCH = YES;
				COPY_PHASE_STRIP = NO;
				DEBUG_INFORMATION_FORMAT = "dwarf-with-dsym";
				ENABLE_NS_ASSERTIONS = NO;
				ENABLE_STRICT_OBJC_MSGSEND = YES;
				ENABLE_USER_SCRIPT_SANDBOXING = YES;
				GCC_C_LANGUAGE_STANDARD = gnu17;
				GCC_NO_COMMON_BLOCKS = YES;
				GCC_WARN_64_TO_32_BIT_CONVERSION = YES;
				GCC_WARN_ABOUT_RETURN_TYPE = YES_ERROR;
				GCC_WARN_UNDECLARED_SELECTOR = YES;
				GCC_WARN_UNINITIALIZED_AUTOS = YES_AGGRESSIVE;
				GCC_WARN_UNUSED_FUNCTION = YES;
				GCC_WARN_UNUSED_VARIABLE = YES;
				IPHONEOS_DEPLOYMENT_TARGET = 17.4;
				LOCALIZATION_PREFERS_STRING_CATALOGS = YES;
				MTL_ENABLE_DEBUG_INFO = NO;
				MTL_FAST_MATH = YES;
				SDKROOT = iphoneos;
				SWIFT_COMPILATION_MODE = wholemodule;
				VALIDATE_PRODUCT = YES;
			};
			name = Release;
		};
		6D283EBD2CBF0AC500E143B1 /* Debug */ = {
			isa = XCBuildConfiguration;
			buildSettings = {
				ASSETCATALOG_COMPILER_APPICON_NAME = AppIcon;
				ASSETCATALOG_COMPILER_GLOBAL_ACCENT_COLOR_NAME = AccentColor;
				CODE_SIGN_STYLE = Automatic;
				CURRENT_PROJECT_VERSION = 1;
				GENERATE_INFOPLIST_FILE = YES;
				INFOPLIST_FILE = RentCar/Info.plist;
				INFOPLIST_KEY_UIApplicationSupportsIndirectInputEvents = YES;
				INFOPLIST_KEY_UILaunchStoryboardName = LaunchScreen;
				INFOPLIST_KEY_UIMainStoryboardFile = Main;
				INFOPLIST_KEY_UISupportedInterfaceOrientations_iPad = "UIInterfaceOrientationPortrait UIInterfaceOrientationPortraitUpsideDown UIInterfaceOrientationLandscapeLeft UIInterfaceOrientationLandscapeRight";
				INFOPLIST_KEY_UISupportedInterfaceOrientations_iPhone = "UIInterfaceOrientationPortrait UIInterfaceOrientationLandscapeLeft UIInterfaceOrientationLandscapeRight";
				LD_RUNPATH_SEARCH_PATHS = (
					"$(inherited)",
					"@executable_path/Frameworks",
				);
				MARKETING_VERSION = 1.0;
				PRODUCT_BUNDLE_IDENTIFIER = com.beyzatastan.RentCar;
				PRODUCT_NAME = "$(TARGET_NAME)";
				SWIFT_EMIT_LOC_STRINGS = YES;
				SWIFT_VERSION = 5.0;
				TARGETED_DEVICE_FAMILY = "1,2";
			};
			name = Debug;
		};
		6D283EBE2CBF0AC500E143B1 /* Release */ = {
			isa = XCBuildConfiguration;
			buildSettings = {
				ASSETCATALOG_COMPILER_APPICON_NAME = AppIcon;
				ASSETCATALOG_COMPILER_GLOBAL_ACCENT_COLOR_NAME = AccentColor;
				CODE_SIGN_STYLE = Automatic;
				CURRENT_PROJECT_VERSION = 1;
				GENERATE_INFOPLIST_FILE = YES;
				INFOPLIST_FILE = RentCar/Info.plist;
				INFOPLIST_KEY_UIApplicationSupportsIndirectInputEvents = YES;
				INFOPLIST_KEY_UILaunchStoryboardName = LaunchScreen;
				INFOPLIST_KEY_UIMainStoryboardFile = Main;
				INFOPLIST_KEY_UISupportedInterfaceOrientations_iPad = "UIInterfaceOrientationPortrait UIInterfaceOrientationPortraitUpsideDown UIInterfaceOrientationLandscapeLeft UIInterfaceOrientationLandscapeRight";
				INFOPLIST_KEY_UISupportedInterfaceOrientations_iPhone = "UIInterfaceOrientationPortrait UIInterfaceOrientationLandscapeLeft UIInterfaceOrientationLandscapeRight";
				LD_RUNPATH_SEARCH_PATHS = (
					"$(inherited)",
					"@executable_path/Frameworks",
				);
				MARKETING_VERSION = 1.0;
				PRODUCT_BUNDLE_IDENTIFIER = com.beyzatastan.RentCar;
				PRODUCT_NAME = "$(TARGET_NAME)";
				SWIFT_EMIT_LOC_STRINGS = YES;
				SWIFT_VERSION = 5.0;
				TARGETED_DEVICE_FAMILY = "1,2";
			};
			name = Release;
		};
/* End XCBuildConfiguration section */

/* Begin XCConfigurationList section */
		6D283EA32CBF0AC400E143B1 /* Build configuration list for PBXProject "RentCar" */ = {
			isa = XCConfigurationList;
			buildConfigurations = (
				6D283EBA2CBF0AC500E143B1 /* Debug */,
				6D283EBB2CBF0AC500E143B1 /* Release */,
			);
			defaultConfigurationIsVisible = 0;
			defaultConfigurationName = Release;
		};
		6D283EBC2CBF0AC500E143B1 /* Build configuration list for PBXNativeTarget "RentCar" */ = {
			isa = XCConfigurationList;
			buildConfigurations = (
				6D283EBD2CBF0AC500E143B1 /* Debug */,
				6D283EBE2CBF0AC500E143B1 /* Release */,
			);
			defaultConfigurationIsVisible = 0;
			defaultConfigurationName = Release;
		};
/* End XCConfigurationList section */
	};
	rootObject = 6D283EA02CBF0AC400E143B1 /* Project object */;
}
