// !$*UTF8*$!
{
	archiveVersion = 1;
	classes = {
	};
	objectVersion = 56;
	objects = {

/* Begin PBXBuildFile section */
		6D15EB7A2CC5BFA7003CF7D2 /* AddCarViewController.swift in Sources */ = {isa = PBXBuildFile; fileRef = 6D15EB792CC5BFA7003CF7D2 /* AddCarViewController.swift */; };
		6D1C95B92D1767470024312D /* CarViewModel.swift in Sources */ = {isa = PBXBuildFile; fileRef = 6D1C95B82D1767470024312D /* CarViewModel.swift */; };
		6D1C95BB2D1823CA0024312D /* ReviewViewModel.swift in Sources */ = {isa = PBXBuildFile; fileRef = 6D1C95BA2D1823CA0024312D /* ReviewViewModel.swift */; };
		6D1C95BD2D1C551D0024312D /* LocationViewModels.swift in Sources */ = {isa = PBXBuildFile; fileRef = 6D1C95BC2D1C551D0024312D /* LocationViewModels.swift */; };
		6D283EAC2CBF0AC400E143B1 /* AppDelegate.swift in Sources */ = {isa = PBXBuildFile; fileRef = 6D283EAB2CBF0AC400E143B1 /* AppDelegate.swift */; };
		6D283EAE2CBF0AC400E143B1 /* SceneDelegate.swift in Sources */ = {isa = PBXBuildFile; fileRef = 6D283EAD2CBF0AC400E143B1 /* SceneDelegate.swift */; };
		6D283EB52CBF0AC500E143B1 /* Assets.xcassets in Resources */ = {isa = PBXBuildFile; fileRef = 6D283EB42CBF0AC500E143B1 /* Assets.xcassets */; };
		6D283EB82CBF0AC500E143B1 /* Base in Resources */ = {isa = PBXBuildFile; fileRef = 6D283EB72CBF0AC500E143B1 /* Base */; };
		6D283EC22CBF121D00E143B1 /* Extensions.swift in Sources */ = {isa = PBXBuildFile; fileRef = 6D283EC12CBF121D00E143B1 /* Extensions.swift */; };
		6D3B487A2CED25DA00B961FD /* CarsTableViewCell.swift in Sources */ = {isa = PBXBuildFile; fileRef = 6D3B48792CED25DA00B961FD /* CarsTableViewCell.swift */; };
		6D3B487F2CED33EE00B961FD /* InfosViewController.swift in Sources */ = {isa = PBXBuildFile; fileRef = 6D3B487E2CED33EE00B961FD /* InfosViewController.swift */; };
		6D418AE32CC27406003B851C /* RegisterViewController.swift in Sources */ = {isa = PBXBuildFile; fileRef = 6D418AE22CC27406003B851C /* RegisterViewController.swift */; };
		6D418AE52CC27420003B851C /* Main.storyboard in Resources */ = {isa = PBXBuildFile; fileRef = 6D418AE42CC27420003B851C /* Main.storyboard */; };
		6D418AF12CC2A433003B851C /* MainPageViewController.swift in Sources */ = {isa = PBXBuildFile; fileRef = 6D418AF02CC2A433003B851C /* MainPageViewController.swift */; };
		6D418AFC2CC2B028003B851C /* PersonalPageViewController.swift in Sources */ = {isa = PBXBuildFile; fileRef = 6D418AFB2CC2B028003B851C /* PersonalPageViewController.swift */; };
		6D418B092CC2E7DC003B851C /* LastRidesViewController.swift in Sources */ = {isa = PBXBuildFile; fileRef = 6D418B082CC2E7DC003B851C /* LastRidesViewController.swift */; };
		6D5508CE2CEF443600824731 /* CarDetailsViewController.swift in Sources */ = {isa = PBXBuildFile; fileRef = 6D5508CD2CEF443600824731 /* CarDetailsViewController.swift */; };
		6D5508D02CEF553500824731 /* FaturaViewController.swift in Sources */ = {isa = PBXBuildFile; fileRef = 6D5508CF2CEF553500824731 /* FaturaViewController.swift */; };
		6DA1325E2CF23E46002000EB /* NextFaturaViewController.swift in Sources */ = {isa = PBXBuildFile; fileRef = 6DA1325D2CF23E46002000EB /* NextFaturaViewController.swift */; };
		6DA132602CF5BCB4002000EB /* OdemeViewController.swift in Sources */ = {isa = PBXBuildFile; fileRef = 6DA1325F2CF5BCB4002000EB /* OdemeViewController.swift */; };
		6DA132622CF5CAEC002000EB /* TelefonDogrulamaViewController.swift in Sources */ = {isa = PBXBuildFile; fileRef = 6DA132612CF5CAEC002000EB /* TelefonDogrulamaViewController.swift */; };
		6DA132642CF68EA2002000EB /* OnayPageViewController.swift in Sources */ = {isa = PBXBuildFile; fileRef = 6DA132632CF68EA2002000EB /* OnayPageViewController.swift */; };
		6DA132662CF77040002000EB /* TestPageViewController.swift in Sources */ = {isa = PBXBuildFile; fileRef = 6DA132652CF77040002000EB /* TestPageViewController.swift */; };
		6DA132682CFB1523002000EB /* CameraPageViewController.swift in Sources */ = {isa = PBXBuildFile; fileRef = 6DA132672CFB1523002000EB /* CameraPageViewController.swift */; };
		6DA132732CFB2D3A002000EB /* SearchPageViewController.swift in Sources */ = {isa = PBXBuildFile; fileRef = 6DA132722CFB2D3A002000EB /* SearchPageViewController.swift */; };
		6DBBA8352CEB6A2A00ABCA9A /* RentViewController.swift in Sources */ = {isa = PBXBuildFile; fileRef = 6DBBA8342CEB6A2A00ABCA9A /* RentViewController.swift */; };
		6DBBA8372CECB34A00ABCA9A /* SettingsViewController.swift in Sources */ = {isa = PBXBuildFile; fileRef = 6DBBA8362CECB34A00ABCA9A /* SettingsViewController.swift */; };
		6DBBA8392CECC53200ABCA9A /* CarsViewController.swift in Sources */ = {isa = PBXBuildFile; fileRef = 6DBBA8382CECC53200ABCA9A /* CarsViewController.swift */; };
		6DBDFE5E2D173E1900FAD94F /* CarsServices.swift in Sources */ = {isa = PBXBuildFile; fileRef = 6DBDFE5D2D173E1900FAD94F /* CarsServices.swift */; };
		6DBDFE602D173E9F00FAD94F /* BookingsServices.swift in Sources */ = {isa = PBXBuildFile; fileRef = 6DBDFE5F2D173E9F00FAD94F /* BookingsServices.swift */; };
		6DBDFE622D173F4000FAD94F /* LocationsServices.swift in Sources */ = {isa = PBXBuildFile; fileRef = 6DBDFE612D173F4000FAD94F /* LocationsServices.swift */; };
		6DBDFE642D173F5E00FAD94F /* ReviewsServices.swift in Sources */ = {isa = PBXBuildFile; fileRef = 6DBDFE632D173F5E00FAD94F /* ReviewsServices.swift */; };
		6DBDFE662D173F7D00FAD94F /* CarImagesServices.swift in Sources */ = {isa = PBXBuildFile; fileRef = 6DBDFE652D173F7D00FAD94F /* CarImagesServices.swift */; };
		6DBDFE682D173F8700FAD94F /* CustomersServices.swift in Sources */ = {isa = PBXBuildFile; fileRef = 6DBDFE672D173F8700FAD94F /* CustomersServices.swift */; };
		6DBDFE6A2D173FDA00FAD94F /* SuppliersServices.swift in Sources */ = {isa = PBXBuildFile; fileRef = 6DBDFE692D173FDA00FAD94F /* SuppliersServices.swift */; };
		6DBDFE6C2D173FE200FAD94F /* UsersServices.swift in Sources */ = {isa = PBXBuildFile; fileRef = 6DBDFE6B2D173FE200FAD94F /* UsersServices.swift */; };
		6DBDFE6F2D1746A700FAD94F /* BookingModel.swift in Sources */ = {isa = PBXBuildFile; fileRef = 6DBDFE6E2D1746A700FAD94F /* BookingModel.swift */; };
		6DBDFE712D1746C600FAD94F /* CarModel.swift in Sources */ = {isa = PBXBuildFile; fileRef = 6DBDFE702D1746C600FAD94F /* CarModel.swift */; };
		6DBDFE732D1746D100FAD94F /* LocationModel.swift in Sources */ = {isa = PBXBuildFile; fileRef = 6DBDFE722D1746D100FAD94F /* LocationModel.swift */; };
		6DBDFE752D1746DB00FAD94F /* CarImageModel.swift in Sources */ = {isa = PBXBuildFile; fileRef = 6DBDFE742D1746DB00FAD94F /* CarImageModel.swift */; };
		6DBDFE772D1746ED00FAD94F /* SupplierModel.swift in Sources */ = {isa = PBXBuildFile; fileRef = 6DBDFE762D1746ED00FAD94F /* SupplierModel.swift */; };
		6DBDFE792D17470700FAD94F /* ReviewModel.swift in Sources */ = {isa = PBXBuildFile; fileRef = 6DBDFE782D17470700FAD94F /* ReviewModel.swift */; };
		6DBDFE7B2D1747C800FAD94F /* CustomerModel.swift in Sources */ = {isa = PBXBuildFile; fileRef = 6DBDFE7A2D1747C800FAD94F /* CustomerModel.swift */; };
		6DBDFE7D2D1747D100FAD94F /* UserModel.swift in Sources */ = {isa = PBXBuildFile; fileRef = 6DBDFE7C2D1747D100FAD94F /* UserModel.swift */; };
		6DBDFE7F2D1748EB00FAD94F /* BookingViewModel.swift in Sources */ = {isa = PBXBuildFile; fileRef = 6DBDFE7E2D1748EB00FAD94F /* BookingViewModel.swift */; };
/* End PBXBuildFile section */

/* Begin PBXFileReference section */
		6D15EB792CC5BFA7003CF7D2 /* AddCarViewController.swift */ = {isa = PBXFileReference; lastKnownFileType = sourcecode.swift; path = AddCarViewController.swift; sourceTree = "<group>"; };
		6D1C95B82D1767470024312D /* CarViewModel.swift */ = {isa = PBXFileReference; lastKnownFileType = sourcecode.swift; path = CarViewModel.swift; sourceTree = "<group>"; };
		6D1C95BA2D1823CA0024312D /* ReviewViewModel.swift */ = {isa = PBXFileReference; lastKnownFileType = sourcecode.swift; path = ReviewViewModel.swift; sourceTree = "<group>"; };
		6D1C95BC2D1C551D0024312D /* LocationViewModels.swift */ = {isa = PBXFileReference; lastKnownFileType = sourcecode.swift; path = LocationViewModels.swift; sourceTree = "<group>"; };
		6D283EA82CBF0AC400E143B1 /* RentCar.app */ = {isa = PBXFileReference; explicitFileType = wrapper.application; includeInIndex = 0; path = RentCar.app; sourceTree = BUILT_PRODUCTS_DIR; };
		6D283EAB2CBF0AC400E143B1 /* AppDelegate.swift */ = {isa = PBXFileReference; lastKnownFileType = sourcecode.swift; path = AppDelegate.swift; sourceTree = "<group>"; };
		6D283EAD2CBF0AC400E143B1 /* SceneDelegate.swift */ = {isa = PBXFileReference; lastKnownFileType = sourcecode.swift; path = SceneDelegate.swift; sourceTree = "<group>"; };
		6D283EB42CBF0AC500E143B1 /* Assets.xcassets */ = {isa = PBXFileReference; lastKnownFileType = folder.assetcatalog; path = Assets.xcassets; sourceTree = "<group>"; };
		6D283EB72CBF0AC500E143B1 /* Base */ = {isa = PBXFileReference; lastKnownFileType = file.storyboard; name = Base; path = Base.lproj/LaunchScreen.storyboard; sourceTree = "<group>"; };
		6D283EB92CBF0AC500E143B1 /* Info.plist */ = {isa = PBXFileReference; lastKnownFileType = text.plist.xml; path = Info.plist; sourceTree = "<group>"; };
		6D283EC12CBF121D00E143B1 /* Extensions.swift */ = {isa = PBXFileReference; lastKnownFileType = sourcecode.swift; path = Extensions.swift; sourceTree = "<group>"; };
		6D3B48792CED25DA00B961FD /* CarsTableViewCell.swift */ = {isa = PBXFileReference; lastKnownFileType = sourcecode.swift; path = CarsTableViewCell.swift; sourceTree = "<group>"; };
		6D3B487E2CED33EE00B961FD /* InfosViewController.swift */ = {isa = PBXFileReference; lastKnownFileType = sourcecode.swift; path = InfosViewController.swift; sourceTree = "<group>"; };
		6D418AE22CC27406003B851C /* RegisterViewController.swift */ = {isa = PBXFileReference; lastKnownFileType = sourcecode.swift; path = RegisterViewController.swift; sourceTree = "<group>"; };
		6D418AE42CC27420003B851C /* Main.storyboard */ = {isa = PBXFileReference; lastKnownFileType = file.storyboard; path = Main.storyboard; sourceTree = "<group>"; };
		6D418AF02CC2A433003B851C /* MainPageViewController.swift */ = {isa = PBXFileReference; lastKnownFileType = sourcecode.swift; path = MainPageViewController.swift; sourceTree = "<group>"; };
		6D418AFB2CC2B028003B851C /* PersonalPageViewController.swift */ = {isa = PBXFileReference; lastKnownFileType = sourcecode.swift; path = PersonalPageViewController.swift; sourceTree = "<group>"; };
		6D418B082CC2E7DC003B851C /* LastRidesViewController.swift */ = {isa = PBXFileReference; lastKnownFileType = sourcecode.swift; path = LastRidesViewController.swift; sourceTree = "<group>"; };
		6D5508CD2CEF443600824731 /* CarDetailsViewController.swift */ = {isa = PBXFileReference; lastKnownFileType = sourcecode.swift; path = CarDetailsViewController.swift; sourceTree = "<group>"; };
		6D5508CF2CEF553500824731 /* FaturaViewController.swift */ = {isa = PBXFileReference; lastKnownFileType = sourcecode.swift; path = FaturaViewController.swift; sourceTree = "<group>"; };
		6DA1325D2CF23E46002000EB /* NextFaturaViewController.swift */ = {isa = PBXFileReference; lastKnownFileType = sourcecode.swift; path = NextFaturaViewController.swift; sourceTree = "<group>"; };
		6DA1325F2CF5BCB4002000EB /* OdemeViewController.swift */ = {isa = PBXFileReference; lastKnownFileType = sourcecode.swift; name = OdemeViewController.swift; path = RentCar/Controllers/OdemeViewController.swift; sourceTree = SOURCE_ROOT; };
		6DA132612CF5CAEC002000EB /* TelefonDogrulamaViewController.swift */ = {isa = PBXFileReference; lastKnownFileType = sourcecode.swift; path = TelefonDogrulamaViewController.swift; sourceTree = "<group>"; };
		6DA132632CF68EA2002000EB /* OnayPageViewController.swift */ = {isa = PBXFileReference; lastKnownFileType = sourcecode.swift; path = OnayPageViewController.swift; sourceTree = "<group>"; };
		6DA132652CF77040002000EB /* TestPageViewController.swift */ = {isa = PBXFileReference; lastKnownFileType = sourcecode.swift; path = TestPageViewController.swift; sourceTree = "<group>"; };
		6DA132672CFB1523002000EB /* CameraPageViewController.swift */ = {isa = PBXFileReference; lastKnownFileType = sourcecode.swift; path = CameraPageViewController.swift; sourceTree = "<group>"; };
		6DA132722CFB2D3A002000EB /* SearchPageViewController.swift */ = {isa = PBXFileReference; lastKnownFileType = sourcecode.swift; path = SearchPageViewController.swift; sourceTree = "<group>"; };
		6DBBA8342CEB6A2A00ABCA9A /* RentViewController.swift */ = {isa = PBXFileReference; lastKnownFileType = sourcecode.swift; path = RentViewController.swift; sourceTree = "<group>"; };
		6DBBA8362CECB34A00ABCA9A /* SettingsViewController.swift */ = {isa = PBXFileReference; lastKnownFileType = sourcecode.swift; path = SettingsViewController.swift; sourceTree = "<group>"; };
		6DBBA8382CECC53200ABCA9A /* CarsViewController.swift */ = {isa = PBXFileReference; lastKnownFileType = sourcecode.swift; path = CarsViewController.swift; sourceTree = "<group>"; };
		6DBDFE5D2D173E1900FAD94F /* CarsServices.swift */ = {isa = PBXFileReference; lastKnownFileType = sourcecode.swift; path = CarsServices.swift; sourceTree = "<group>"; };
		6DBDFE5F2D173E9F00FAD94F /* BookingsServices.swift */ = {isa = PBXFileReference; lastKnownFileType = sourcecode.swift; path = BookingsServices.swift; sourceTree = "<group>"; };
		6DBDFE612D173F4000FAD94F /* LocationsServices.swift */ = {isa = PBXFileReference; lastKnownFileType = sourcecode.swift; path = LocationsServices.swift; sourceTree = "<group>"; };
		6DBDFE632D173F5E00FAD94F /* ReviewsServices.swift */ = {isa = PBXFileReference; lastKnownFileType = sourcecode.swift; path = ReviewsServices.swift; sourceTree = "<group>"; };
		6DBDFE652D173F7D00FAD94F /* CarImagesServices.swift */ = {isa = PBXFileReference; lastKnownFileType = sourcecode.swift; path = CarImagesServices.swift; sourceTree = "<group>"; };
		6DBDFE672D173F8700FAD94F /* CustomersServices.swift */ = {isa = PBXFileReference; lastKnownFileType = sourcecode.swift; path = CustomersServices.swift; sourceTree = "<group>"; };
		6DBDFE692D173FDA00FAD94F /* SuppliersServices.swift */ = {isa = PBXFileReference; lastKnownFileType = sourcecode.swift; path = SuppliersServices.swift; sourceTree = "<group>"; };
		6DBDFE6B2D173FE200FAD94F /* UsersServices.swift */ = {isa = PBXFileReference; lastKnownFileType = sourcecode.swift; path = UsersServices.swift; sourceTree = "<group>"; };
		6DBDFE6E2D1746A700FAD94F /* BookingModel.swift */ = {isa = PBXFileReference; lastKnownFileType = sourcecode.swift; path = BookingModel.swift; sourceTree = "<group>"; };
		6DBDFE702D1746C600FAD94F /* CarModel.swift */ = {isa = PBXFileReference; lastKnownFileType = sourcecode.swift; path = CarModel.swift; sourceTree = "<group>"; };
		6DBDFE722D1746D100FAD94F /* LocationModel.swift */ = {isa = PBXFileReference; lastKnownFileType = sourcecode.swift; path = LocationModel.swift; sourceTree = "<group>"; };
		6DBDFE742D1746DB00FAD94F /* CarImageModel.swift */ = {isa = PBXFileReference; lastKnownFileType = sourcecode.swift; path = CarImageModel.swift; sourceTree = "<group>"; };
		6DBDFE762D1746ED00FAD94F /* SupplierModel.swift */ = {isa = PBXFileReference; lastKnownFileType = sourcecode.swift; path = SupplierModel.swift; sourceTree = "<group>"; };
		6DBDFE782D17470700FAD94F /* ReviewModel.swift */ = {isa = PBXFileReference; lastKnownFileType = sourcecode.swift; path = ReviewModel.swift; sourceTree = "<group>"; };
		6DBDFE7A2D1747C800FAD94F /* CustomerModel.swift */ = {isa = PBXFileReference; lastKnownFileType = sourcecode.swift; path = CustomerModel.swift; sourceTree = "<group>"; };
		6DBDFE7C2D1747D100FAD94F /* UserModel.swift */ = {isa = PBXFileReference; lastKnownFileType = sourcecode.swift; path = UserModel.swift; sourceTree = "<group>"; };
		6DBDFE7E2D1748EB00FAD94F /* BookingViewModel.swift */ = {isa = PBXFileReference; lastKnownFileType = sourcecode.swift; path = BookingViewModel.swift; sourceTree = "<group>"; };
/* End PBXFileReference section */

/* Begin PBXFrameworksBuildPhase section */
		6D283EA52CBF0AC400E143B1 /* Frameworks */ = {
			isa = PBXFrameworksBuildPhase;
			buildActionMask = 2147483647;
			files = (
			);
			runOnlyForDeploymentPostprocessing = 0;
		};
/* End PBXFrameworksBuildPhase section */

/* Begin PBXGroup section */
		6D283E9F2CBF0AC400E143B1 = {
			isa = PBXGroup;
			children = (
				6D283EAA2CBF0AC400E143B1 /* RentCar */,
				6D283EA92CBF0AC400E143B1 /* Products */,
			);
			sourceTree = "<group>";
		};
		6D283EA92CBF0AC400E143B1 /* Products */ = {
			isa = PBXGroup;
			children = (
				6D283EA82CBF0AC400E143B1 /* RentCar.app */,
			);
			name = Products;
			sourceTree = "<group>";
		};
		6D283EAA2CBF0AC400E143B1 /* RentCar */ = {
			isa = PBXGroup;
			children = (
				6DA1326F2CFB22A8002000EB /* Models */,
				6DA1326C2CFB2203002000EB /* ViewModels */,
				6DA132692CFB209E002000EB /* WebServices */,
				6D418AF22CC2AB98003B851C /* ViewCells */,
				6D418AE62CC27488003B851C /* Controllers */,
				6D283EC02CBF120100E143B1 /* Resources */,
				6D283EBF2CBF0AD700E143B1 /* Delegates */,
				6D283EB42CBF0AC500E143B1 /* Assets.xcassets */,
				6D418AE42CC27420003B851C /* Main.storyboard */,
				6D283EB62CBF0AC500E143B1 /* LaunchScreen.storyboard */,
				6D283EB92CBF0AC500E143B1 /* Info.plist */,
			);
			path = RentCar;
			sourceTree = "<group>";
		};
		6D283EBF2CBF0AD700E143B1 /* Delegates */ = {
			isa = PBXGroup;
			children = (
				6D283EAB2CBF0AC400E143B1 /* AppDelegate.swift */,
				6D283EAD2CBF0AC400E143B1 /* SceneDelegate.swift */,
			);
			path = Delegates;
			sourceTree = "<group>";
		};
		6D283EC02CBF120100E143B1 /* Resources */ = {
			isa = PBXGroup;
			children = (
				6D283EC12CBF121D00E143B1 /* Extensions.swift */,
			);
			path = Resources;
			sourceTree = "<group>";
		};
		6D418AE62CC27488003B851C /* Controllers */ = {
			isa = PBXGroup;
			children = (
				6D418B072CC2E7C1003B851C /* Personal */,
				6D3B487E2CED33EE00B961FD /* InfosViewController.swift */,
				6D418AE22CC27406003B851C /* RegisterViewController.swift */,
				6D418AF02CC2A433003B851C /* MainPageViewController.swift */,
				6D418AFB2CC2B028003B851C /* PersonalPageViewController.swift */,
				6DBBA8342CEB6A2A00ABCA9A /* RentViewController.swift */,
				6DA132722CFB2D3A002000EB /* SearchPageViewController.swift */,
				6DBBA8362CECB34A00ABCA9A /* SettingsViewController.swift */,
				6DBBA8382CECC53200ABCA9A /* CarsViewController.swift */,
				6D5508CD2CEF443600824731 /* CarDetailsViewController.swift */,
				6D5508CF2CEF553500824731 /* FaturaViewController.swift */,
				6DA132612CF5CAEC002000EB /* TelefonDogrulamaViewController.swift */,
				6DA1325D2CF23E46002000EB /* NextFaturaViewController.swift */,
				6DA1325F2CF5BCB4002000EB /* OdemeViewController.swift */,
				6DA132632CF68EA2002000EB /* OnayPageViewController.swift */,
				6DA132652CF77040002000EB /* TestPageViewController.swift */,
				6DA132672CFB1523002000EB /* CameraPageViewController.swift */,
			);
			path = Controllers;
			sourceTree = "<group>";
		};
		6D418AF22CC2AB98003B851C /* ViewCells */ = {
			isa = PBXGroup;
			children = (
				6D3B48792CED25DA00B961FD /* CarsTableViewCell.swift */,
			);
			path = ViewCells;
			sourceTree = "<group>";
		};
		6D418B072CC2E7C1003B851C /* Personal */ = {
			isa = PBXGroup;
			children = (
				6D418B082CC2E7DC003B851C /* LastRidesViewController.swift */,
				6D15EB792CC5BFA7003CF7D2 /* AddCarViewController.swift */,
			);
			path = Personal;
			sourceTree = "<group>";
		};
		6DA132692CFB209E002000EB /* WebServices */ = {
			isa = PBXGroup;
			children = (
				6DBDFE5D2D173E1900FAD94F /* CarsServices.swift */,
				6DBDFE5F2D173E9F00FAD94F /* BookingsServices.swift */,
				6DBDFE612D173F4000FAD94F /* LocationsServices.swift */,
				6DBDFE632D173F5E00FAD94F /* ReviewsServices.swift */,
				6DBDFE652D173F7D00FAD94F /* CarImagesServices.swift */,
				6DBDFE672D173F8700FAD94F /* CustomersServices.swift */,
				6DBDFE692D173FDA00FAD94F /* SuppliersServices.swift */,
				6DBDFE6B2D173FE200FAD94F /* UsersServices.swift */,
			);
			path = WebServices;
			sourceTree = "<group>";
		};
		6DA1326C2CFB2203002000EB /* ViewModels */ = {
			isa = PBXGroup;
			children = (
				6DBDFE7E2D1748EB00FAD94F /* BookingViewModel.swift */,
				6D1C95B82D1767470024312D /* CarViewModel.swift */,
				6D1C95BA2D1823CA0024312D /* ReviewViewModel.swift */,
				6D1C95BC2D1C551D0024312D /* LocationViewModels.swift */,
			);
			path = ViewModels;
			sourceTree = "<group>";
		};
		6DA1326F2CFB22A8002000EB /* Models */ = {
			isa = PBXGroup;
			children = (
				6DBDFE6D2D17469000FAD94F /* Data */,
			);
			path = Models;
			sourceTree = "<group>";
		};
		6DBDFE6D2D17469000FAD94F /* Data */ = {
			isa = PBXGroup;
			children = (
				6DBDFE6E2D1746A700FAD94F /* BookingModel.swift */,
				6DBDFE702D1746C600FAD94F /* CarModel.swift */,
				6DBDFE722D1746D100FAD94F /* LocationModel.swift */,
				6DBDFE742D1746DB00FAD94F /* CarImageModel.swift */,
				6DBDFE762D1746ED00FAD94F /* SupplierModel.swift */,
				6DBDFE782D17470700FAD94F /* ReviewModel.swift */,
				6DBDFE7A2D1747C800FAD94F /* CustomerModel.swift */,
				6DBDFE7C2D1747D100FAD94F /* UserModel.swift */,
			);
			path = Data;
			sourceTree = "<group>";
		};
/* End PBXGroup section */

/* Begin PBXNativeTarget section */
		6D283EA72CBF0AC400E143B1 /* RentCar */ = {
			isa = PBXNativeTarget;
			buildConfigurationList = 6D283EBC2CBF0AC500E143B1 /* Build configuration list for PBXNativeTarget "RentCar" */;
			buildPhases = (
				6D283EA42CBF0AC400E143B1 /* Sources */,
				6D283EA52CBF0AC400E143B1 /* Frameworks */,
				6D283EA62CBF0AC400E143B1 /* Resources */,
			);
			buildRules = (
			);
			dependencies = (
			);
			name = RentCar;
			productName = RentCar;
			productReference = 6D283EA82CBF0AC400E143B1 /* RentCar.app */;
			productType = "com.apple.product-type.application";
		};
/* End PBXNativeTarget section */

/* Begin PBXProject section */
		6D283EA02CBF0AC400E143B1 /* Project object */ = {
			isa = PBXProject;
			attributes = {
				BuildIndependentTargetsInParallel = 1;
				LastSwiftUpdateCheck = 1530;
				LastUpgradeCheck = 1530;
				TargetAttributes = {
					6D283EA72CBF0AC400E143B1 = {
						CreatedOnToolsVersion = 15.3;
					};
				};
			};
			buildConfigurationList = 6D283EA32CBF0AC400E143B1 /* Build configuration list for PBXProject "RentCar" */;
			compatibilityVersion = "Xcode 14.0";
			developmentRegion = en;
			hasScannedForEncodings = 0;
			knownRegions = (
				en,
				Base,
			);
			mainGroup = 6D283E9F2CBF0AC400E143B1;
			productRefGroup = 6D283EA92CBF0AC400E143B1 /* Products */;
			projectDirPath = "";
			projectRoot = "";
			targets = (
				6D283EA72CBF0AC400E143B1 /* RentCar */,
			);
		};
/* End PBXProject section */

/* Begin PBXResourcesBuildPhase section */
		6D283EA62CBF0AC400E143B1 /* Resources */ = {
			isa = PBXResourcesBuildPhase;
			buildActionMask = 2147483647;
			files = (
				6D418AE52CC27420003B851C /* Main.storyboard in Resources */,
				6D283EB52CBF0AC500E143B1 /* Assets.xcassets in Resources */,
				6D283EB82CBF0AC500E143B1 /* Base in Resources */,
			);
			runOnlyForDeploymentPostprocessing = 0;
		};
/* End PBXResourcesBuildPhase section */

/* Begin PBXSourcesBuildPhase section */
		6D283EA42CBF0AC400E143B1 /* Sources */ = {
			isa = PBXSourcesBuildPhase;
			buildActionMask = 2147483647;
			files = (
				6D418AF12CC2A433003B851C /* MainPageViewController.swift in Sources */,
				6DBDFE7F2D1748EB00FAD94F /* BookingViewModel.swift in Sources */,
				6D418B092CC2E7DC003B851C /* LastRidesViewController.swift in Sources */,
				6D1C95B92D1767470024312D /* CarViewModel.swift in Sources */,
				6DA132642CF68EA2002000EB /* OnayPageViewController.swift in Sources */,
				6DA132662CF77040002000EB /* TestPageViewController.swift in Sources */,
				6D15EB7A2CC5BFA7003CF7D2 /* AddCarViewController.swift in Sources */,
				6D3B487F2CED33EE00B961FD /* InfosViewController.swift in Sources */,
				6DBDFE642D173F5E00FAD94F /* ReviewsServices.swift in Sources */,
				6DA132602CF5BCB4002000EB /* OdemeViewController.swift in Sources */,
				6DBDFE752D1746DB00FAD94F /* CarImageModel.swift in Sources */,
				6DBDFE602D173E9F00FAD94F /* BookingsServices.swift in Sources */,
				6DBDFE622D173F4000FAD94F /* LocationsServices.swift in Sources */,
				6DBDFE712D1746C600FAD94F /* CarModel.swift in Sources */,
				6DA132622CF5CAEC002000EB /* TelefonDogrulamaViewController.swift in Sources */,
				6DBBA8392CECC53200ABCA9A /* CarsViewController.swift in Sources */,
				6D418AFC2CC2B028003B851C /* PersonalPageViewController.swift in Sources */,
				6D1C95BB2D1823CA0024312D /* ReviewViewModel.swift in Sources */,
				6DBDFE732D1746D100FAD94F /* LocationModel.swift in Sources */,
				6D1C95BD2D1C551D0024312D /* LocationViewModels.swift in Sources */,
				6DA132732CFB2D3A002000EB /* SearchPageViewController.swift in Sources */,
				6D283EAC2CBF0AC400E143B1 /* AppDelegate.swift in Sources */,
				6DBBA8352CEB6A2A00ABCA9A /* RentViewController.swift in Sources */,
				6DBDFE7D2D1747D100FAD94F /* UserModel.swift in Sources */,
				6D5508CE2CEF443600824731 /* CarDetailsViewController.swift in Sources */,
				6DA132682CFB1523002000EB /* CameraPageViewController.swift in Sources */,
				6DBBA8372CECB34A00ABCA9A /* SettingsViewController.swift in Sources */,
				6DA1325E2CF23E46002000EB /* NextFaturaViewController.swift in Sources */,
				6DBDFE662D173F7D00FAD94F /* CarImagesServices.swift in Sources */,
				6DBDFE792D17470700FAD94F /* ReviewModel.swift in Sources */,
				6D5508D02CEF553500824731 /* FaturaViewController.swift in Sources */,
				6DBDFE6A2D173FDA00FAD94F /* SuppliersServices.swift in Sources */,
				6DBDFE772D1746ED00FAD94F /* SupplierModel.swift in Sources */,
				6D283EAE2CBF0AC400E143B1 /* SceneDelegate.swift in Sources */,
				6DBDFE682D173F8700FAD94F /* CustomersServices.swift in Sources */,
				6DBDFE6F2D1746A700FAD94F /* BookingModel.swift in Sources */,
				6DBDFE5E2D173E1900FAD94F /* CarsServices.swift in Sources */,
				6DBDFE6C2D173FE200FAD94F /* UsersServices.swift in Sources */,
				6D283EC22CBF121D00E143B1 /* Extensions.swift in Sources */,
				6D3B487A2CED25DA00B961FD /* CarsTableViewCell.swift in Sources */,
				6D418AE32CC27406003B851C /* RegisterViewController.swift in Sources */,
				6DBDFE7B2D1747C800FAD94F /* CustomerModel.swift in Sources */,
			);
			runOnlyForDeploymentPostprocessing = 0;
		};
/* End PBXSourcesBuildPhase section */

/* Begin PBXVariantGroup section */
		6D283EB62CBF0AC500E143B1 /* LaunchScreen.storyboard */ = {
			isa = PBXVariantGroup;
			children = (
				6D283EB72CBF0AC500E143B1 /* Base */,
			);
			name = LaunchScreen.storyboard;
			sourceTree = "<group>";
		};
/* End PBXVariantGroup section */

/* Begin XCBuildConfiguration section */
		6D283EBA2CBF0AC500E143B1 /* Debug */ = {
			isa = XCBuildConfiguration;
			buildSettings = {
				ALWAYS_SEARCH_USER_PATHS = NO;
				ASSETCATALOG_COMPILER_GENERATE_SWIFT_ASSET_SYMBOL_EXTENSIONS = YES;
				CLANG_ANALYZER_NONNULL = YES;
				CLANG_ANALYZER_NUMBER_OBJECT_CONVERSION = YES_AGGRESSIVE;
				CLANG_CXX_LANGUAGE_STANDARD = "gnu++20";
				CLANG_ENABLE_MODULES = YES;
				CLANG_ENABLE_OBJC_ARC = YES;
				CLANG_ENABLE_OBJC_WEAK = YES;
				CLANG_WARN_BLOCK_CAPTURE_AUTORELEASING = YES;
				CLANG_WARN_BOOL_CONVERSION = YES;
				CLANG_WARN_COMMA = YES;
				CLANG_WARN_CONSTANT_CONVERSION = YES;
				CLANG_WARN_DEPRECATED_OBJC_IMPLEMENTATIONS = YES;
				CLANG_WARN_DIRECT_OBJC_ISA_USAGE = YES_ERROR;
				CLANG_WARN_DOCUMENTATION_COMMENTS = YES;
				CLANG_WARN_EMPTY_BODY = YES;
				CLANG_WARN_ENUM_CONVERSION = YES;
				CLANG_WARN_INFINITE_RECURSION = YES;
				CLANG_WARN_INT_CONVERSION = YES;
				CLANG_WARN_NON_LITERAL_NULL_CONVERSION = YES;
				CLANG_WARN_OBJC_IMPLICIT_RETAIN_SELF = YES;
				CLANG_WARN_OBJC_LITERAL_CONVERSION = YES;
				CLANG_WARN_OBJC_ROOT_CLASS = YES_ERROR;
				CLANG_WARN_QUOTED_INCLUDE_IN_FRAMEWORK_HEADER = YES;
				CLANG_WARN_RANGE_LOOP_ANALYSIS = YES;
				CLANG_WARN_STRICT_PROTOTYPES = YES;
				CLANG_WARN_SUSPICIOUS_MOVE = YES;
				CLANG_WARN_UNGUARDED_AVAILABILITY = YES_AGGRESSIVE;
				CLANG_WARN_UNREACHABLE_CODE = YES;
				CLANG_WARN__DUPLICATE_METHOD_MATCH = YES;
				COPY_PHASE_STRIP = NO;
				DEBUG_INFORMATION_FORMAT = dwarf;
				ENABLE_STRICT_OBJC_MSGSEND = YES;
				ENABLE_TESTABILITY = YES;
				ENABLE_USER_SCRIPT_SANDBOXING = YES;
				GCC_C_LANGUAGE_STANDARD = gnu17;
				GCC_DYNAMIC_NO_PIC = NO;
				GCC_NO_COMMON_BLOCKS = YES;
				GCC_OPTIMIZATION_LEVEL = 0;
				GCC_PREPROCESSOR_DEFINITIONS = (
					"DEBUG=1",
					"$(inherited)",
				);
				GCC_WARN_64_TO_32_BIT_CONVERSION = YES;
				GCC_WARN_ABOUT_RETURN_TYPE = YES_ERROR;
				GCC_WARN_UNDECLARED_SELECTOR = YES;
				GCC_WARN_UNINITIALIZED_AUTOS = YES_AGGRESSIVE;
				GCC_WARN_UNUSED_FUNCTION = YES;
				GCC_WARN_UNUSED_VARIABLE = YES;
				IPHONEOS_DEPLOYMENT_TARGET = 17.4;
				LOCALIZATION_PREFERS_STRING_CATALOGS = YES;
				MTL_ENABLE_DEBUG_INFO = INCLUDE_SOURCE;
				MTL_FAST_MATH = YES;
				ONLY_ACTIVE_ARCH = YES;
				SDKROOT = iphoneos;
				SWIFT_ACTIVE_COMPILATION_CONDITIONS = "DEBUG $(inherited)";
				SWIFT_OPTIMIZATION_LEVEL = "-Onone";
			};
			name = Debug;
		};
		6D283EBB2CBF0AC500E143B1 /* Release */ = {
			isa = XCBuildConfiguration;
			buildSettings = {
				ALWAYS_SEARCH_USER_PATHS = NO;
				ASSETCATALOG_COMPILER_GENERATE_SWIFT_ASSET_SYMBOL_EXTENSIONS = YES;
				CLANG_ANALYZER_NONNULL = YES;
				CLANG_ANALYZER_NUMBER_OBJECT_CONVERSION = YES_AGGRESSIVE;
				CLANG_CXX_LANGUAGE_STANDARD = "gnu++20";
				CLANG_ENABLE_MODULES = YES;
				CLANG_ENABLE_OBJC_ARC = YES;
				CLANG_ENABLE_OBJC_WEAK = YES;
				CLANG_WARN_BLOCK_CAPTURE_AUTORELEASING = YES;
				CLANG_WARN_BOOL_CONVERSION = YES;
				CLANG_WARN_COMMA = YES;
				CLANG_WARN_CONSTANT_CONVERSION = YES;
				CLANG_WARN_DEPRECATED_OBJC_IMPLEMENTATIONS = YES;
				CLANG_WARN_DIRECT_OBJC_ISA_USAGE = YES_ERROR;
				CLANG_WARN_DOCUMENTATION_COMMENTS = YES;
				CLANG_WARN_EMPTY_BODY = YES;
				CLANG_WARN_ENUM_CONVERSION = YES;
				CLANG_WARN_INFINITE_RECURSION = YES;
				CLANG_WARN_INT_CONVERSION = YES;
				CLANG_WARN_NON_LITERAL_NULL_CONVERSION = YES;
				CLANG_WARN_OBJC_IMPLICIT_RETAIN_SELF = YES;
				CLANG_WARN_OBJC_LITERAL_CONVERSION = YES;
				CLANG_WARN_OBJC_ROOT_CLASS = YES_ERROR;
				CLANG_WARN_QUOTED_INCLUDE_IN_FRAMEWORK_HEADER = YES;
				CLANG_WARN_RANGE_LOOP_ANALYSIS = YES;
				CLANG_WARN_STRICT_PROTOTYPES = YES;
				CLANG_WARN_SUSPICIOUS_MOVE = YES;
				CLANG_WARN_UNGUARDED_AVAILABILITY = YES_AGGRESSIVE;
				CLANG_WARN_UNREACHABLE_CODE = YES;
				CLANG_WARN__DUPLICATE_METHOD_MATCH = YES;
				COPY_PHASE_STRIP = NO;
				DEBUG_INFORMATION_FORMAT = "dwarf-with-dsym";
				ENABLE_NS_ASSERTIONS = NO;
				ENABLE_STRICT_OBJC_MSGSEND = YES;
				ENABLE_USER_SCRIPT_SANDBOXING = YES;
				GCC_C_LANGUAGE_STANDARD = gnu17;
				GCC_NO_COMMON_BLOCKS = YES;
				GCC_WARN_64_TO_32_BIT_CONVERSION = YES;
				GCC_WARN_ABOUT_RETURN_TYPE = YES_ERROR;
				GCC_WARN_UNDECLARED_SELECTOR = YES;
				GCC_WARN_UNINITIALIZED_AUTOS = YES_AGGRESSIVE;
				GCC_WARN_UNUSED_FUNCTION = YES;
				GCC_WARN_UNUSED_VARIABLE = YES;
				IPHONEOS_DEPLOYMENT_TARGET = 17.4;
				LOCALIZATION_PREFERS_STRING_CATALOGS = YES;
				MTL_ENABLE_DEBUG_INFO = NO;
				MTL_FAST_MATH = YES;
				SDKROOT = iphoneos;
				SWIFT_COMPILATION_MODE = wholemodule;
				VALIDATE_PRODUCT = YES;
			};
			name = Release;
		};
		6D283EBD2CBF0AC500E143B1 /* Debug */ = {
			isa = XCBuildConfiguration;
			buildSettings = {
				ASSETCATALOG_COMPILER_APPICON_NAME = AppIcon;
				ASSETCATALOG_COMPILER_GLOBAL_ACCENT_COLOR_NAME = AccentColor;
				CODE_SIGN_STYLE = Automatic;
				CURRENT_PROJECT_VERSION = 1;
				GENERATE_INFOPLIST_FILE = YES;
				INFOPLIST_FILE = RentCar/Info.plist;
				INFOPLIST_KEY_UIApplicationSupportsIndirectInputEvents = YES;
				INFOPLIST_KEY_UILaunchStoryboardName = LaunchScreen;
				INFOPLIST_KEY_UIMainStoryboardFile = Main;
				INFOPLIST_KEY_UISupportedInterfaceOrientations_iPad = "UIInterfaceOrientationPortrait UIInterfaceOrientationPortraitUpsideDown UIInterfaceOrientationLandscapeLeft UIInterfaceOrientationLandscapeRight";
				INFOPLIST_KEY_UISupportedInterfaceOrientations_iPhone = "UIInterfaceOrientationPortrait UIInterfaceOrientationLandscapeLeft UIInterfaceOrientationLandscapeRight";
				LD_RUNPATH_SEARCH_PATHS = (
					"$(inherited)",
					"@executable_path/Frameworks",
				);
				MARKETING_VERSION = 1.0;
				PRODUCT_BUNDLE_IDENTIFIER = com.beyzatastan.RentCar;
				PRODUCT_NAME = "$(TARGET_NAME)";
				SWIFT_EMIT_LOC_STRINGS = YES;
				SWIFT_VERSION = 5.0;
				TARGETED_DEVICE_FAMILY = "1,2";
			};
			name = Debug;
		};
		6D283EBE2CBF0AC500E143B1 /* Release */ = {
			isa = XCBuildConfiguration;
			buildSettings = {
				ASSETCATALOG_COMPILER_APPICON_NAME = AppIcon;
				ASSETCATALOG_COMPILER_GLOBAL_ACCENT_COLOR_NAME = AccentColor;
				CODE_SIGN_STYLE = Automatic;
				CURRENT_PROJECT_VERSION = 1;
				GENERATE_INFOPLIST_FILE = YES;
				INFOPLIST_FILE = RentCar/Info.plist;
				INFOPLIST_KEY_UIApplicationSupportsIndirectInputEvents = YES;
				INFOPLIST_KEY_UILaunchStoryboardName = LaunchScreen;
				INFOPLIST_KEY_UIMainStoryboardFile = Main;
				INFOPLIST_KEY_UISupportedInterfaceOrientations_iPad = "UIInterfaceOrientationPortrait UIInterfaceOrientationPortraitUpsideDown UIInterfaceOrientationLandscapeLeft UIInterfaceOrientationLandscapeRight";
				INFOPLIST_KEY_UISupportedInterfaceOrientations_iPhone = "UIInterfaceOrientationPortrait UIInterfaceOrientationLandscapeLeft UIInterfaceOrientationLandscapeRight";
				LD_RUNPATH_SEARCH_PATHS = (
					"$(inherited)",
					"@executable_path/Frameworks",
				);
				MARKETING_VERSION = 1.0;
				PRODUCT_BUNDLE_IDENTIFIER = com.beyzatastan.RentCar;
				PRODUCT_NAME = "$(TARGET_NAME)";
				SWIFT_EMIT_LOC_STRINGS = YES;
				SWIFT_VERSION = 5.0;
				TARGETED_DEVICE_FAMILY = "1,2";
			};
			name = Release;
		};
/* End XCBuildConfiguration section */

/* Begin XCConfigurationList section */
		6D283EA32CBF0AC400E143B1 /* Build configuration list for PBXProject "RentCar" */ = {
			isa = XCConfigurationList;
			buildConfigurations = (
				6D283EBA2CBF0AC500E143B1 /* Debug */,
				6D283EBB2CBF0AC500E143B1 /* Release */,
			);
			defaultConfigurationIsVisible = 0;
			defaultConfigurationName = Release;
		};
		6D283EBC2CBF0AC500E143B1 /* Build configuration list for PBXNativeTarget "RentCar" */ = {
			isa = XCConfigurationList;
			buildConfigurations = (
				6D283EBD2CBF0AC500E143B1 /* Debug */,
				6D283EBE2CBF0AC500E143B1 /* Release */,
			);
			defaultConfigurationIsVisible = 0;
			defaultConfigurationName = Release;
		};
/* End XCConfigurationList section */
	};
	rootObject = 6D283EA02CBF0AC400E143B1 /* Project object */;
}
